
Microsoft Visual Studio Solution File, Format Version 12.00
# Visual Studio Version 17
VisualStudioVersion = 17.9.34310.174
MinimumVisualStudioVersion = 10.0.40219.1
Project("{FAE04EC0-301F-11D3-BF4B-00C04F79EFBC}") = "ColdrunERP", "ColdrunERP.csproj", "{7247A817-3402-42B5-B9DF-12706E31ECAE}"
EndProject
Global
	GlobalSection(SolutionConfigurationPlatforms) = preSolution
		Debug|Any CPU = Debug|Any CPU
		Release|Any CPU = Release|Any CPU
	EndGlobalSection
	GlobalSection(ProjectConfigurationPlatforms) = postSolution
		{7247A817-3402-42B5-B9DF-12706E31ECAE}.Debug|Any CPU.ActiveCfg = Debug|Any CPU
		{7247A817-3402-42B5-B9DF-12706E31ECAE}.Debug|Any CPU.Build.0 = Debug|Any CPU
		{7247A817-3402-42B5-B9DF-12706E31ECAE}.Release|Any CPU.ActiveCfg = Release|Any CPU
		{7247A817-3402-42B5-B9DF-12706E31ECAE}.Release|Any CPU.Build.0 = Release|Any CPU
	EndGlobalSection
	GlobalSection(SolutionProperties) = preSolution
		HideSolutionNode = FALSE
	EndGlobalSection
	GlobalSection(ExtensibilityGlobals) = postSolution
		SolutionGuid = {F03D76E2-0DB8-4AD1-9DAB-B8B45E552DFE}
	EndGlobalSection
EndGlobal
